
Microsoft Visual Studio Solution File, Format Version 12.00
# Visual Studio Version 16
VisualStudioVersion = 16.0.31911.196
MinimumVisualStudioVersion = 10.0.40219.1
Project("{2150E333-8FDC-42A3-9474-1A3956D46DE8}") = "Services", "Services", "{04D0002D-73EE-4A99-AED9-3221221221FC}"
EndProject
Project("{2150E333-8FDC-42A3-9474-1A3956D46DE8}") = "Catalog", "Catalog", "{84A5EDE3-1897-4E25-9D8A-0BAE6CF06943}"
EndProject
Project("{9A19103F-16F7-4668-BE54-9A1E7A4F7556}") = "Catalog.API", "Services\Catalog\Catalog.API\Catalog.API.csproj", "{C348BE23-4AF5-4E23-8D34-104750A69FDF}"
EndProject
Project("{E53339B2-1760-4266-BCC7-CA923CBCF16C}") = "docker-compose", "docker-compose.dcproj", "{2FB6C6E5-FCA4-4964-8E33-492D1005ED0C}"
EndProject
Project("{2150E333-8FDC-42A3-9474-1A3956D46DE8}") = "Basket", "Basket", "{0D81D082-2012-4C77-A386-937D03571210}"
EndProject
Project("{9A19103F-16F7-4668-BE54-9A1E7A4F7556}") = "Basket.API", "Services\Basket\Basket.API\Basket.API.csproj", "{BA3303D1-AA1E-4B74-B474-1FC893BA627F}"
EndProject
Project("{2150E333-8FDC-42A3-9474-1A3956D46DE8}") = "Discount", "Discount", "{D2A9AC33-6420-4719-BC14-CA61BA14A84F}"
EndProject
Project("{9A19103F-16F7-4668-BE54-9A1E7A4F7556}") = "Discount.API", "Services\Discount\Discount.API\Discount.API.csproj", "{13DEC46C-3F9E-4BBB-8549-4FF74CB027D0}"
EndProject
Project("{9A19103F-16F7-4668-BE54-9A1E7A4F7556}") = "Discount.Grpc", "Services\Discount\Discount.Grpc\Discount.Grpc.csproj", "{793E6F9B-A272-41B1-A7A1-761F4EDC2C19}"
EndProject
Project("{2150E333-8FDC-42A3-9474-1A3956D46DE8}") = "Ordering", "Ordering", "{33AD56B6-C8F7-4E19-A0C2-12952D7E1EE3}"
EndProject
Project("{9A19103F-16F7-4668-BE54-9A1E7A4F7556}") = "Ordering.API", "Services\Ordering\Ordering.API\Ordering.API.csproj", "{5CCFC86E-3D88-4266-8C9A-FCD386E073D1}"
EndProject
Project("{9A19103F-16F7-4668-BE54-9A1E7A4F7556}") = "Ordering.Domain", "Services\Ordering\Ordering.Domain\Ordering.Domain.csproj", "{D93D5297-7F8E-4C24-8E54-4A666D775208}"
EndProject
Project("{9A19103F-16F7-4668-BE54-9A1E7A4F7556}") = "Ordering.Application", "Services\Ordering\Ordering.Application\Ordering.Application.csproj", "{C9C93272-CCCF-4CCB-9F5F-21726805FE55}"
EndProject
Project("{9A19103F-16F7-4668-BE54-9A1E7A4F7556}") = "Ordering.Infrastructure", "Services\Ordering\Ordering.Infrastructure\Ordering.Infrastructure.csproj", "{5B4F9F06-15D2-4FA6-9BE4-F990951EDD66}"
EndProject
Project("{2150E333-8FDC-42A3-9474-1A3956D46DE8}") = "BuildingBlocks", "BuildingBlocks", "{34447358-5252-4EAD-9286-DE904055ED31}"
EndProject
Project("{9A19103F-16F7-4668-BE54-9A1E7A4F7556}") = "EventBus.Messages", "BuildingBlocks\EventBus.Messages\EventBus.Messages.csproj", "{0A26C83D-DA82-45C5-995B-42B018CA6895}"
EndProject
Project("{2150E333-8FDC-42A3-9474-1A3956D46DE8}") = "ApiGateways", "ApiGateways", "{AB00BC99-65A5-49B6-A07B-7BC565C16F67}"
EndProject
Project("{FAE04EC0-301F-11D3-BF4B-00C04F79EFBC}") = "OcelotApiGw", "ApiGateways\OcelotApiGw\OcelotApiGw.csproj", "{0BAC2188-4162-4264-BEB0-FA4CABFA9BC9}"
EndProject
Global
	GlobalSection(SolutionConfigurationPlatforms) = preSolution
		Debug|Any CPU = Debug|Any CPU
		Release|Any CPU = Release|Any CPU
	EndGlobalSection
	GlobalSection(ProjectConfigurationPlatforms) = postSolution
		{C348BE23-4AF5-4E23-8D34-104750A69FDF}.Debug|Any CPU.ActiveCfg = Debug|Any CPU
		{C348BE23-4AF5-4E23-8D34-104750A69FDF}.Debug|Any CPU.Build.0 = Debug|Any CPU
		{C348BE23-4AF5-4E23-8D34-104750A69FDF}.Release|Any CPU.ActiveCfg = Release|Any CPU
		{C348BE23-4AF5-4E23-8D34-104750A69FDF}.Release|Any CPU.Build.0 = Release|Any CPU
		{2FB6C6E5-FCA4-4964-8E33-492D1005ED0C}.Debug|Any CPU.ActiveCfg = Debug|Any CPU
		{2FB6C6E5-FCA4-4964-8E33-492D1005ED0C}.Debug|Any CPU.Build.0 = Debug|Any CPU
		{2FB6C6E5-FCA4-4964-8E33-492D1005ED0C}.Release|Any CPU.ActiveCfg = Release|Any CPU
		{2FB6C6E5-FCA4-4964-8E33-492D1005ED0C}.Release|Any CPU.Build.0 = Release|Any CPU
		{BA3303D1-AA1E-4B74-B474-1FC893BA627F}.Debug|Any CPU.ActiveCfg = Debug|Any CPU
		{BA3303D1-AA1E-4B74-B474-1FC893BA627F}.Debug|Any CPU.Build.0 = Debug|Any CPU
		{BA3303D1-AA1E-4B74-B474-1FC893BA627F}.Release|Any CPU.ActiveCfg = Release|Any CPU
		{BA3303D1-AA1E-4B74-B474-1FC893BA627F}.Release|Any CPU.Build.0 = Release|Any CPU
		{13DEC46C-3F9E-4BBB-8549-4FF74CB027D0}.Debug|Any CPU.ActiveCfg = Debug|Any CPU
		{13DEC46C-3F9E-4BBB-8549-4FF74CB027D0}.Debug|Any CPU.Build.0 = Debug|Any CPU
		{13DEC46C-3F9E-4BBB-8549-4FF74CB027D0}.Release|Any CPU.ActiveCfg = Release|Any CPU
		{13DEC46C-3F9E-4BBB-8549-4FF74CB027D0}.Release|Any CPU.Build.0 = Release|Any CPU
		{793E6F9B-A272-41B1-A7A1-761F4EDC2C19}.Debug|Any CPU.ActiveCfg = Debug|Any CPU
		{793E6F9B-A272-41B1-A7A1-761F4EDC2C19}.Debug|Any CPU.Build.0 = Debug|Any CPU
		{793E6F9B-A272-41B1-A7A1-761F4EDC2C19}.Release|Any CPU.ActiveCfg = Release|Any CPU
		{793E6F9B-A272-41B1-A7A1-761F4EDC2C19}.Release|Any CPU.Build.0 = Release|Any CPU
		{5CCFC86E-3D88-4266-8C9A-FCD386E073D1}.Debug|Any CPU.ActiveCfg = Debug|Any CPU
		{5CCFC86E-3D88-4266-8C9A-FCD386E073D1}.Debug|Any CPU.Build.0 = Debug|Any CPU
		{5CCFC86E-3D88-4266-8C9A-FCD386E073D1}.Release|Any CPU.ActiveCfg = Release|Any CPU
		{5CCFC86E-3D88-4266-8C9A-FCD386E073D1}.Release|Any CPU.Build.0 = Release|Any CPU
		{D93D5297-7F8E-4C24-8E54-4A666D775208}.Debug|Any CPU.ActiveCfg = Debug|Any CPU
		{D93D5297-7F8E-4C24-8E54-4A666D775208}.Debug|Any CPU.Build.0 = Debug|Any CPU
		{D93D5297-7F8E-4C24-8E54-4A666D775208}.Release|Any CPU.ActiveCfg = Release|Any CPU
		{D93D5297-7F8E-4C24-8E54-4A666D775208}.Release|Any CPU.Build.0 = Release|Any CPU
		{C9C93272-CCCF-4CCB-9F5F-21726805FE55}.Debug|Any CPU.ActiveCfg = Debug|Any CPU
		{C9C93272-CCCF-4CCB-9F5F-21726805FE55}.Debug|Any CPU.Build.0 = Debug|Any CPU
		{C9C93272-CCCF-4CCB-9F5F-21726805FE55}.Release|Any CPU.ActiveCfg = Release|Any CPU
		{C9C93272-CCCF-4CCB-9F5F-21726805FE55}.Release|Any CPU.Build.0 = Release|Any CPU
		{5B4F9F06-15D2-4FA6-9BE4-F990951EDD66}.Debug|Any CPU.ActiveCfg = Debug|Any CPU
		{5B4F9F06-15D2-4FA6-9BE4-F990951EDD66}.Debug|Any CPU.Build.0 = Debug|Any CPU
		{5B4F9F06-15D2-4FA6-9BE4-F990951EDD66}.Release|Any CPU.ActiveCfg = Release|Any CPU
		{5B4F9F06-15D2-4FA6-9BE4-F990951EDD66}.Release|Any CPU.Build.0 = Release|Any CPU
		{0A26C83D-DA82-45C5-995B-42B018CA6895}.Debug|Any CPU.ActiveCfg = Debug|Any CPU
		{0A26C83D-DA82-45C5-995B-42B018CA6895}.Debug|Any CPU.Build.0 = Debug|Any CPU
		{0A26C83D-DA82-45C5-995B-42B018CA6895}.Release|Any CPU.ActiveCfg = Release|Any CPU
		{0A26C83D-DA82-45C5-995B-42B018CA6895}.Release|Any CPU.Build.0 = Release|Any CPU
		{0BAC2188-4162-4264-BEB0-FA4CABFA9BC9}.Debug|Any CPU.ActiveCfg = Debug|Any CPU
		{0BAC2188-4162-4264-BEB0-FA4CABFA9BC9}.Debug|Any CPU.Build.0 = Debug|Any CPU
		{0BAC2188-4162-4264-BEB0-FA4CABFA9BC9}.Release|Any CPU.ActiveCfg = Release|Any CPU
		{0BAC2188-4162-4264-BEB0-FA4CABFA9BC9}.Release|Any CPU.Build.0 = Release|Any CPU
	EndGlobalSection
	GlobalSection(SolutionProperties) = preSolution
		HideSolutionNode = FALSE
	EndGlobalSection
	GlobalSection(NestedProjects) = preSolution
		{84A5EDE3-1897-4E25-9D8A-0BAE6CF06943} = {04D0002D-73EE-4A99-AED9-3221221221FC}
		{C348BE23-4AF5-4E23-8D34-104750A69FDF} = {84A5EDE3-1897-4E25-9D8A-0BAE6CF06943}
		{0D81D082-2012-4C77-A386-937D03571210} = {04D0002D-73EE-4A99-AED9-3221221221FC}
		{BA3303D1-AA1E-4B74-B474-1FC893BA627F} = {0D81D082-2012-4C77-A386-937D03571210}
		{D2A9AC33-6420-4719-BC14-CA61BA14A84F} = {04D0002D-73EE-4A99-AED9-3221221221FC}
		{13DEC46C-3F9E-4BBB-8549-4FF74CB027D0} = {D2A9AC33-6420-4719-BC14-CA61BA14A84F}
		{793E6F9B-A272-41B1-A7A1-761F4EDC2C19} = {D2A9AC33-6420-4719-BC14-CA61BA14A84F}
		{33AD56B6-C8F7-4E19-A0C2-12952D7E1EE3} = {04D0002D-73EE-4A99-AED9-3221221221FC}
		{5CCFC86E-3D88-4266-8C9A-FCD386E073D1} = {33AD56B6-C8F7-4E19-A0C2-12952D7E1EE3}
		{D93D5297-7F8E-4C24-8E54-4A666D775208} = {33AD56B6-C8F7-4E19-A0C2-12952D7E1EE3}
		{C9C93272-CCCF-4CCB-9F5F-21726805FE55} = {33AD56B6-C8F7-4E19-A0C2-12952D7E1EE3}
		{5B4F9F06-15D2-4FA6-9BE4-F990951EDD66} = {33AD56B6-C8F7-4E19-A0C2-12952D7E1EE3}
		{0A26C83D-DA82-45C5-995B-42B018CA6895} = {34447358-5252-4EAD-9286-DE904055ED31}
		{0BAC2188-4162-4264-BEB0-FA4CABFA9BC9} = {AB00BC99-65A5-49B6-A07B-7BC565C16F67}
	EndGlobalSection
	GlobalSection(ExtensibilityGlobals) = postSolution
		SolutionGuid = {88942556-41DD-474C-B943-E15087EB910D}
	EndGlobalSection
EndGlobal
