
Microsoft Visual Studio Solution File, Format Version 12.00
# Visual Studio Version 16
VisualStudioVersion = 16.0.31911.196
MinimumVisualStudioVersion = 10.0.40219.1
Project("{2150E333-8FDC-42A3-9474-1A3956D46DE8}") = "Services", "Services", "{04D0002D-73EE-4A99-AED9-3221221221FC}"
EndProject
Project("{2150E333-8FDC-42A3-9474-1A3956D46DE8}") = "Catalog", "Catalog", "{84A5EDE3-1897-4E25-9D8A-0BAE6CF06943}"
EndProject
Project("{FAE04EC0-301F-11D3-BF4B-00C04F79EFBC}") = "Catalog.API", "Services\Catalog\Catalog.API\Catalog.API.csproj", "{C348BE23-4AF5-4E23-8D34-104750A69FDF}"
EndProject
Global
	GlobalSection(SolutionConfigurationPlatforms) = preSolution
		Debug|Any CPU = Debug|Any CPU
		Release|Any CPU = Release|Any CPU
	EndGlobalSection
	GlobalSection(ProjectConfigurationPlatforms) = postSolution
		{C348BE23-4AF5-4E23-8D34-104750A69FDF}.Debug|Any CPU.ActiveCfg = Debug|Any CPU
		{C348BE23-4AF5-4E23-8D34-104750A69FDF}.Debug|Any CPU.Build.0 = Debug|Any CPU
		{C348BE23-4AF5-4E23-8D34-104750A69FDF}.Release|Any CPU.ActiveCfg = Release|Any CPU
		{C348BE23-4AF5-4E23-8D34-104750A69FDF}.Release|Any CPU.Build.0 = Release|Any CPU
	EndGlobalSection
	GlobalSection(SolutionProperties) = preSolution
		HideSolutionNode = FALSE
	EndGlobalSection
	GlobalSection(NestedProjects) = preSolution
		{84A5EDE3-1897-4E25-9D8A-0BAE6CF06943} = {04D0002D-73EE-4A99-AED9-3221221221FC}
		{C348BE23-4AF5-4E23-8D34-104750A69FDF} = {84A5EDE3-1897-4E25-9D8A-0BAE6CF06943}
	EndGlobalSection
	GlobalSection(ExtensibilityGlobals) = postSolution
		SolutionGuid = {88942556-41DD-474C-B943-E15087EB910D}
	EndGlobalSection
EndGlobal
